{
  "name": "3-bathroom-stalls",
  "version": "1.0.0",
  "lockfileVersion": 1,
  "requires": true,
  "dependencies": {
    "collections": {
      "version": "5.1.8",
      "resolved": "https://registry.npmjs.org/collections/-/collections-5.1.8.tgz",
      "integrity": "sha512-2Vvizv30fKnBlso7kVtZTsuZDVvA6JvLotsSnGKiAiIM4Z+EW1/9yRgXqJJ0WFzj36yZNTUsI+/Yu2Ogoo0H0w==",
      "requires": {
        "weak-map": "~1.0.x"
      }
    },
    "weak-map": {
      "version": "1.0.5",
      "resolved": "https://registry.npmjs.org/weak-map/-/weak-map-1.0.5.tgz",
      "integrity": "sha1-eWkVhNmGB/UHC9O3CkDmuyLkAes="
    }
  }
}
